
Microsoft Visual Studio Solution File, Format Version 11.00
# Visual Studio 2010
Project("{FAE04EC0-301F-11D3-BF4B-00C04F79EFBC}") = "Assembly-CSharp", "Assembly-CSharp.csproj", "{9e749b68-3527-5724-2122-9e285e988ba8}"
EndProject
Project("{FAE04EC0-301F-11D3-BF4B-00C04F79EFBC}") = "Assembly-CSharp-firstpass", "Assembly-CSharp-firstpass.csproj", "{a88152e8-6454-9f34-81bf-6224f8e1b6aa}"
EndProject
Global
	GlobalSection(SolutionConfigurationPlatforms) = preSolution
		Debug|Any CPU = Debug|Any CPU
	EndGlobalSection
	GlobalSection(ProjectConfigurationPlatforms) = postSolution
		{9e749b68-3527-5724-2122-9e285e988ba8}.Debug|Any CPU.ActiveCfg = Debug|Any CPU
		{9e749b68-3527-5724-2122-9e285e988ba8}.Debug|Any CPU.Build.0 = Debug|Any CPU
		{a88152e8-6454-9f34-81bf-6224f8e1b6aa}.Debug|Any CPU.ActiveCfg = Debug|Any CPU
		{a88152e8-6454-9f34-81bf-6224f8e1b6aa}.Debug|Any CPU.Build.0 = Debug|Any CPU
	EndGlobalSection
	GlobalSection(SolutionProperties) = preSolution
		HideSolutionNode = FALSE
	EndGlobalSection
EndGlobal
